
Microsoft Visual Studio Solution File, Format Version 12.00
# Visual Studio Version 16
VisualStudioVersion = 16.0.30711.63
MinimumVisualStudioVersion = 10.0.40219.1
Project("{FAE04EC0-301F-11D3-BF4B-00C04F79EFBC}") = "palindrom", "palindrom\palindrom.csproj", "{0B21EF7D-C469-4612-A0E6-2924F6C26804}"
EndProject
Global
	GlobalSection(SolutionConfigurationPlatforms) = preSolution
		Debug|Any CPU = Debug|Any CPU
		Release|Any CPU = Release|Any CPU
	EndGlobalSection
	GlobalSection(ProjectConfigurationPlatforms) = postSolution
		{0B21EF7D-C469-4612-A0E6-2924F6C26804}.Debug|Any CPU.ActiveCfg = Debug|Any CPU
		{0B21EF7D-C469-4612-A0E6-2924F6C26804}.Debug|Any CPU.Build.0 = Debug|Any CPU
		{0B21EF7D-C469-4612-A0E6-2924F6C26804}.Release|Any CPU.ActiveCfg = Release|Any CPU
		{0B21EF7D-C469-4612-A0E6-2924F6C26804}.Release|Any CPU.Build.0 = Release|Any CPU
	EndGlobalSection
	GlobalSection(SolutionProperties) = preSolution
		HideSolutionNode = FALSE
	EndGlobalSection
	GlobalSection(ExtensibilityGlobals) = postSolution
		SolutionGuid = {9DAFCB59-EFC6-4B77-9638-8D86FB9C6347}
	EndGlobalSection
EndGlobal
